
Microsoft Visual Studio Solution File, Format Version 12.00
# Visual Studio Version 17
VisualStudioVersion = 17.4.33213.308
MinimumVisualStudioVersion = 10.0.40219.1
Project("{FAE04EC0-301F-11D3-BF4B-00C04F79EFBC}") = "WeatherApp", "enumExample\WeatherApp.csproj", "{FBB5E5AD-BAA6-44A9-9B3A-A33C2CD80D22}"
EndProject
Global
	GlobalSection(SolutionConfigurationPlatforms) = preSolution
		Debug|Any CPU = Debug|Any CPU
		Release|Any CPU = Release|Any CPU
	EndGlobalSection
	GlobalSection(ProjectConfigurationPlatforms) = postSolution
		{FBB5E5AD-BAA6-44A9-9B3A-A33C2CD80D22}.Debug|Any CPU.ActiveCfg = Debug|Any CPU
		{FBB5E5AD-BAA6-44A9-9B3A-A33C2CD80D22}.Debug|Any CPU.Build.0 = Debug|Any CPU
		{FBB5E5AD-BAA6-44A9-9B3A-A33C2CD80D22}.Release|Any CPU.ActiveCfg = Release|Any CPU
		{FBB5E5AD-BAA6-44A9-9B3A-A33C2CD80D22}.Release|Any CPU.Build.0 = Release|Any CPU
	EndGlobalSection
	GlobalSection(SolutionProperties) = preSolution
		HideSolutionNode = FALSE
	EndGlobalSection
	GlobalSection(ExtensibilityGlobals) = postSolution
		SolutionGuid = {456009D2-B6C8-4B24-9DE2-85D8CB119C18}
	EndGlobalSection
EndGlobal
