
Microsoft Visual Studio Solution File, Format Version 12.00
# Visual Studio Version 17
VisualStudioVersion = 17.4.33213.308
MinimumVisualStudioVersion = 10.0.40219.1
Project("{FAE04EC0-301F-11D3-BF4B-00C04F79EFBC}") = "NumberOfWordsAndLetters", "NumberOfWordsAndLetters\NumberOfWordsAndLetters.csproj", "{6CC3C7CF-AF73-42CE-BC08-3CAD33C63E2D}"
EndProject
Global
	GlobalSection(SolutionConfigurationPlatforms) = preSolution
		Debug|Any CPU = Debug|Any CPU
		Release|Any CPU = Release|Any CPU
	EndGlobalSection
	GlobalSection(ProjectConfigurationPlatforms) = postSolution
		{6CC3C7CF-AF73-42CE-BC08-3CAD33C63E2D}.Debug|Any CPU.ActiveCfg = Debug|Any CPU
		{6CC3C7CF-AF73-42CE-BC08-3CAD33C63E2D}.Debug|Any CPU.Build.0 = Debug|Any CPU
		{6CC3C7CF-AF73-42CE-BC08-3CAD33C63E2D}.Release|Any CPU.ActiveCfg = Release|Any CPU
		{6CC3C7CF-AF73-42CE-BC08-3CAD33C63E2D}.Release|Any CPU.Build.0 = Release|Any CPU
	EndGlobalSection
	GlobalSection(SolutionProperties) = preSolution
		HideSolutionNode = FALSE
	EndGlobalSection
	GlobalSection(ExtensibilityGlobals) = postSolution
		SolutionGuid = {BFC87F4B-B831-4374-AEF3-C48B4A9FCA08}
	EndGlobalSection
EndGlobal
