
Microsoft Visual Studio Solution File, Format Version 12.00
# Visual Studio Version 17
VisualStudioVersion = 17.4.33213.308
MinimumVisualStudioVersion = 10.0.40219.1
Project("{FAE04EC0-301F-11D3-BF4B-00C04F79EFBC}") = "DeleteToValuesInDictionary", "DeleteToValuesInDictionary\DeleteToValuesInDictionary.csproj", "{30AB113E-DEA4-4632-AF01-4E8F2B37D0AE}"
EndProject
Global
	GlobalSection(SolutionConfigurationPlatforms) = preSolution
		Debug|Any CPU = Debug|Any CPU
		Release|Any CPU = Release|Any CPU
	EndGlobalSection
	GlobalSection(ProjectConfigurationPlatforms) = postSolution
		{30AB113E-DEA4-4632-AF01-4E8F2B37D0AE}.Debug|Any CPU.ActiveCfg = Debug|Any CPU
		{30AB113E-DEA4-4632-AF01-4E8F2B37D0AE}.Debug|Any CPU.Build.0 = Debug|Any CPU
		{30AB113E-DEA4-4632-AF01-4E8F2B37D0AE}.Release|Any CPU.ActiveCfg = Release|Any CPU
		{30AB113E-DEA4-4632-AF01-4E8F2B37D0AE}.Release|Any CPU.Build.0 = Release|Any CPU
	EndGlobalSection
	GlobalSection(SolutionProperties) = preSolution
		HideSolutionNode = FALSE
	EndGlobalSection
	GlobalSection(ExtensibilityGlobals) = postSolution
		SolutionGuid = {4C950AA4-69E7-47B6-ACBF-8EADBD912E34}
	EndGlobalSection
EndGlobal
