
Microsoft Visual Studio Solution File, Format Version 12.00
# Visual Studio Version 17
VisualStudioVersion = 17.4.33213.308
MinimumVisualStudioVersion = 10.0.40219.1
Project("{FAE04EC0-301F-11D3-BF4B-00C04F79EFBC}") = "MigrotaryBirds", "MigrotaryBirds\MigrotaryBirds.csproj", "{426AFCBD-F563-46E4-9A3A-2A0BBC597B4E}"
EndProject
Global
	GlobalSection(SolutionConfigurationPlatforms) = preSolution
		Debug|Any CPU = Debug|Any CPU
		Release|Any CPU = Release|Any CPU
	EndGlobalSection
	GlobalSection(ProjectConfigurationPlatforms) = postSolution
		{426AFCBD-F563-46E4-9A3A-2A0BBC597B4E}.Debug|Any CPU.ActiveCfg = Debug|Any CPU
		{426AFCBD-F563-46E4-9A3A-2A0BBC597B4E}.Debug|Any CPU.Build.0 = Debug|Any CPU
		{426AFCBD-F563-46E4-9A3A-2A0BBC597B4E}.Release|Any CPU.ActiveCfg = Release|Any CPU
		{426AFCBD-F563-46E4-9A3A-2A0BBC597B4E}.Release|Any CPU.Build.0 = Release|Any CPU
	EndGlobalSection
	GlobalSection(SolutionProperties) = preSolution
		HideSolutionNode = FALSE
	EndGlobalSection
	GlobalSection(ExtensibilityGlobals) = postSolution
		SolutionGuid = {2688F1DF-6AF9-4C6F-A058-CEEC9EAC6348}
	EndGlobalSection
EndGlobal
