
Microsoft Visual Studio Solution File, Format Version 12.00
# Visual Studio Version 17
VisualStudioVersion = 17.4.33213.308
MinimumVisualStudioVersion = 10.0.40219.1
Project("{FAE04EC0-301F-11D3-BF4B-00C04F79EFBC}") = "PhoneDirectory", "PhoneDirectory\PhoneDirectory.csproj", "{A409F340-1666-4559-9D3C-BB9EB9E16128}"
EndProject
Global
	GlobalSection(SolutionConfigurationPlatforms) = preSolution
		Debug|Any CPU = Debug|Any CPU
		Release|Any CPU = Release|Any CPU
	EndGlobalSection
	GlobalSection(ProjectConfigurationPlatforms) = postSolution
		{A409F340-1666-4559-9D3C-BB9EB9E16128}.Debug|Any CPU.ActiveCfg = Debug|Any CPU
		{A409F340-1666-4559-9D3C-BB9EB9E16128}.Debug|Any CPU.Build.0 = Debug|Any CPU
		{A409F340-1666-4559-9D3C-BB9EB9E16128}.Release|Any CPU.ActiveCfg = Release|Any CPU
		{A409F340-1666-4559-9D3C-BB9EB9E16128}.Release|Any CPU.Build.0 = Release|Any CPU
	EndGlobalSection
	GlobalSection(SolutionProperties) = preSolution
		HideSolutionNode = FALSE
	EndGlobalSection
	GlobalSection(ExtensibilityGlobals) = postSolution
		SolutionGuid = {8887DD74-E8C6-4B7E-883A-1DCECAFBDAE2}
	EndGlobalSection
EndGlobal
