
Microsoft Visual Studio Solution File, Format Version 12.00
# Visual Studio Version 17
VisualStudioVersion = 17.4.33213.308
MinimumVisualStudioVersion = 10.0.40219.1
Project("{FAE04EC0-301F-11D3-BF4B-00C04F79EFBC}") = "CircleDraw", "CircleDraw\CircleDraw.csproj", "{B3C4287F-B85A-4ED0-BB4C-F93F9F35749C}"
EndProject
Global
	GlobalSection(SolutionConfigurationPlatforms) = preSolution
		Debug|Any CPU = Debug|Any CPU
		Release|Any CPU = Release|Any CPU
	EndGlobalSection
	GlobalSection(ProjectConfigurationPlatforms) = postSolution
		{B3C4287F-B85A-4ED0-BB4C-F93F9F35749C}.Debug|Any CPU.ActiveCfg = Debug|Any CPU
		{B3C4287F-B85A-4ED0-BB4C-F93F9F35749C}.Debug|Any CPU.Build.0 = Debug|Any CPU
		{B3C4287F-B85A-4ED0-BB4C-F93F9F35749C}.Release|Any CPU.ActiveCfg = Release|Any CPU
		{B3C4287F-B85A-4ED0-BB4C-F93F9F35749C}.Release|Any CPU.Build.0 = Release|Any CPU
	EndGlobalSection
	GlobalSection(SolutionProperties) = preSolution
		HideSolutionNode = FALSE
	EndGlobalSection
	GlobalSection(ExtensibilityGlobals) = postSolution
		SolutionGuid = {8250EF6A-411C-4B9B-BD9C-B8FDD848DE5B}
	EndGlobalSection
EndGlobal
